
Microsoft Visual Studio Solution File, Format Version 12.00
# Visual Studio 15
VisualStudioVersion = 15.0.28307.539
MinimumVisualStudioVersion = 10.0.40219.1
Project("{FAE04EC0-301F-11D3-BF4B-00C04F79EFBC}") = "ExamGradesApplication", "ExamGradesApplication\ExamGradesApplication.csproj", "{51A1B4B8-9574-40BA-A85F-C4D91128F2C5}"
EndProject
Global
	GlobalSection(SolutionConfigurationPlatforms) = preSolution
		Debug|Any CPU = Debug|Any CPU
		Release|Any CPU = Release|Any CPU
	EndGlobalSection
	GlobalSection(ProjectConfigurationPlatforms) = postSolution
		{51A1B4B8-9574-40BA-A85F-C4D91128F2C5}.Debug|Any CPU.ActiveCfg = Debug|Any CPU
		{51A1B4B8-9574-40BA-A85F-C4D91128F2C5}.Debug|Any CPU.Build.0 = Debug|Any CPU
		{51A1B4B8-9574-40BA-A85F-C4D91128F2C5}.Release|Any CPU.ActiveCfg = Release|Any CPU
		{51A1B4B8-9574-40BA-A85F-C4D91128F2C5}.Release|Any CPU.Build.0 = Release|Any CPU
	EndGlobalSection
	GlobalSection(SolutionProperties) = preSolution
		HideSolutionNode = FALSE
	EndGlobalSection
	GlobalSection(ExtensibilityGlobals) = postSolution
		SolutionGuid = {C2761DFA-8473-402F-80CD-B1850310E2FF}
	EndGlobalSection
EndGlobal
